PODS:
  - Flutter (1.0.0)
  - ondato_skd (2.1.0):
    - Flutter
    - OndatoSDKiOS (~> 1.8.9)
  - OndatoSDKiOS (1.8.9)

DEPENDENCIES:
  - Flutter (from `Flutter`)
  - ondato_skd (from `.symlinks/plugins/ondato_skd/ios`)

SPEC REPOS:
  "git@ssh.dev.azure.com:v3/GKDigital/GKOne/ondato-sdk-ios":
    - OndatoSDKiOS

EXTERNAL SOURCES:
  Flutter:
    :path: Flutter
  ondato_skd:
    :path: ".symlinks/plugins/ondato_skd/ios"

SPEC CHECKSUMS:
  Flutter: 50d75fe2f02b26cc09d224853bb45737f8b3214a
  ondato_skd: cf3df5226cf3b80733bffeb377ad68326ab06f94
  OndatoSDKiOS: 4ca47f8e3fe32a1e6c1509a4a1b6f67bd9448bd4

PODFILE CHECKSUM: 1aa33321b4053aea30f0cd8e3435787614f5858e

COCOAPODS: 1.10.1
