PODS:
  - Flutter (1.0.0)
  - ondato_skd (0.0.1):
    - Flutter
    - OndatoSDKiOS (~> 1.6.4)
  - OndatoSDKiOS (1.6.4)

DEPENDENCIES:
  - Flutter (from `Flutter`)
  - ondato_skd (from `.symlinks/plugins/ondato_skd/ios`)

SPEC REPOS:
  "git@ssh.dev.azure.com:v3/GKDigital/GKOne/ondato-sdk-ios":
    - OndatoSDKiOS

EXTERNAL SOURCES:
  Flutter:
    :path: Flutter
  ondato_skd:
    :path: ".symlinks/plugins/ondato_skd/ios"

SPEC CHECKSUMS:
  Flutter: 434fef37c0980e73bb6479ef766c45957d4b510c
  ondato_skd: a4afabb4e38bf8ad04434b552e3f259224436f23
  OndatoSDKiOS: ed4bc86d994052c5780f63166c1095ae82e12a91

PODFILE CHECKSUM: 119c5d7cd08baa0f5825934b53f191fa0e7ee2bf

COCOAPODS: 1.10.1
